// !$*UTF8*$!
{
	archiveVersion = 1;
	classes = {
	};
	objectVersion = 56;
	objects = {

/* Begin PBXBuildFile section */
		4D97ADB52C038EDA002409C3 /* ClassLab12_Klui.cpp in Sources */ = {isa = PBXBuildFile; fileRef = 4D97ADA62C0377DC002409C3 /* ClassLab12_Klui.cpp */; };
		4D97ADBE2C038F57002409C3 /* main.cpp in Sources */ = {isa = PBXBuildFile; fileRef = 4D97ADBD2C038F57002409C3 /* main.cpp */; };
		4D97ADC92C03907A002409C3 /* main.cpp in Sources */ = {isa = PBXBuildFile; fileRef = 4D97ADC82C03907A002409C3 /* main.cpp */; };
		4D97ADCE2C039538002409C3 /* libModulesKlui.a in Frameworks */ = {isa = PBXBuildFile; fileRef = 4D97ADAF2C038E92002409C3 /* libModulesKlui.a */; };
		4D97ADD12C0396C9002409C3 /* libModulesKlui.a in Frameworks */ = {isa = PBXBuildFile; fileRef = 4D97ADAF2C038E92002409C3 /* libModulesKlui.a */; };
/* End PBXBuildFile section */

/* Begin PBXContainerItemProxy section */
		4D97ADCF2C039538002409C3 /* PBXContainerItemProxy */ = {
			isa = PBXContainerItemProxy;
			containerPortal = 4D97AD942C037789002409C3 /* Project object */;
			proxyType = 1;
			remoteGlobalIDString = 4D97ADAE2C038E92002409C3;
			remoteInfo = ModulesKlui;
		};
		4D97ADD22C0396C9002409C3 /* PBXContainerItemProxy */ = {
			isa = PBXContainerItemProxy;
			containerPortal = 4D97AD942C037789002409C3 /* Project object */;
			proxyType = 1;
			remoteGlobalIDString = 4D97ADAE2C038E92002409C3;
			remoteInfo = ModulesKlui;
		};
/* End PBXContainerItemProxy section */

/* Begin PBXCopyFilesBuildPhase section */
		4D97ADB92C038F57002409C3 /* CopyFiles */ = {
			isa = PBXCopyFilesBuildPhase;
			buildActionMask = 2147483647;
			dstPath = /usr/share/man/man1/;
			dstSubfolderSpec = 0;
			files = (
			);
			runOnlyForDeploymentPostprocessing = 1;
		};
		4D97ADC42C03907A002409C3 /* CopyFiles */ = {
			isa = PBXCopyFilesBuildPhase;
			buildActionMask = 2147483647;
			dstPath = /usr/share/man/man1/;
			dstSubfolderSpec = 0;
			files = (
			);
			runOnlyForDeploymentPostprocessing = 1;
		};
/* End PBXCopyFilesBuildPhase section */

/* Begin PBXFileReference section */
		4D97ADA62C0377DC002409C3 /* ClassLab12_Klui.cpp */ = {isa = PBXFileReference; lastKnownFileType = sourcecode.cpp.cpp; path = ClassLab12_Klui.cpp; sourceTree = "<group>"; };
		4D97ADA72C0377DC002409C3 /* ClassLab12_Klui.hpp */ = {isa = PBXFileReference; lastKnownFileType = sourcecode.cpp.h; path = ClassLab12_Klui.hpp; sourceTree = "<group>"; };
		4D97ADAF2C038E92002409C3 /* libModulesKlui.a */ = {isa = PBXFileReference; explicitFileType = archive.ar; includeInIndex = 0; path = libModulesKlui.a; sourceTree = BUILT_PRODUCTS_DIR; };
		4D97ADB42C038EBF002409C3 /* ModulesKlui.h */ = {isa = PBXFileReference; lastKnownFileType = sourcecode.c.h; path = ModulesKlui.h; sourceTree = "<group>"; };
		4D97ADBB2C038F57002409C3 /* TestDriver */ = {isa = PBXFileReference; explicitFileType = "compiled.mach-o.executable"; includeInIndex = 0; path = TestDriver; sourceTree = BUILT_PRODUCTS_DIR; };
		4D97ADBD2C038F57002409C3 /* main.cpp */ = {isa = PBXFileReference; lastKnownFileType = sourcecode.cpp.cpp; path = main.cpp; sourceTree = "<group>"; };
		4D97ADC62C03907A002409C3 /* Teacher */ = {isa = PBXFileReference; explicitFileType = "compiled.mach-o.executable"; includeInIndex = 0; path = Teacher; sourceTree = BUILT_PRODUCTS_DIR; };
		4D97ADC82C03907A002409C3 /* main.cpp */ = {isa = PBXFileReference; lastKnownFileType = sourcecode.cpp.cpp; path = main.cpp; sourceTree = "<group>"; };
/* End PBXFileReference section */

/* Begin PBXFrameworksBuildPhase section */
		4D97ADAD2C038E92002409C3 /* Frameworks */ = {
			isa = PBXFrameworksBuildPhase;
			buildActionMask = 2147483647;
			files = (
			);
			runOnlyForDeploymentPostprocessing = 0;
		};
		4D97ADB82C038F57002409C3 /* Frameworks */ = {
			isa = PBXFrameworksBuildPhase;
			buildActionMask = 2147483647;
			files = (
				4D97ADCE2C039538002409C3 /* libModulesKlui.a in Frameworks */,
			);
			runOnlyForDeploymentPostprocessing = 0;
		};
		4D97ADC32C03907A002409C3 /* Frameworks */ = {
			isa = PBXFrameworksBuildPhase;
			buildActionMask = 2147483647;
			files = (
				4D97ADD12C0396C9002409C3 /* libModulesKlui.a in Frameworks */,
			);
			runOnlyForDeploymentPostprocessing = 0;
		};
/* End PBXFrameworksBuildPhase section */

/* Begin PBXGroup section */
		4D97AD932C037789002409C3 = {
			isa = PBXGroup;
			children = (
				4D97ADB32C038E9A002409C3 /* ModulesKlui */,
				4D97ADBC2C038F57002409C3 /* TestDriver */,
				4D97ADD42C03A555002409C3 /* Teacher */,
				4D97AD9D2C037789002409C3 /* Products */,
				4D97ADCD2C039538002409C3 /* Frameworks */,
			);
			sourceTree = "<group>";
		};
		4D97AD9D2C037789002409C3 /* Products */ = {
			isa = PBXGroup;
			children = (
				4D97ADAF2C038E92002409C3 /* libModulesKlui.a */,
				4D97ADBB2C038F57002409C3 /* TestDriver */,
				4D97ADC62C03907A002409C3 /* Teacher */,
			);
			name = Products;
			sourceTree = "<group>";
		};
		4D97ADB32C038E9A002409C3 /* ModulesKlui */ = {
			isa = PBXGroup;
			children = (
				4D97ADA62C0377DC002409C3 /* ClassLab12_Klui.cpp */,
				4D97ADA72C0377DC002409C3 /* ClassLab12_Klui.hpp */,
				4D97ADB42C038EBF002409C3 /* ModulesKlui.h */,
			);
			path = ModulesKlui;
			sourceTree = "<group>";
		};
		4D97ADBC2C038F57002409C3 /* TestDriver */ = {
			isa = PBXGroup;
			children = (
				4D97ADBD2C038F57002409C3 /* main.cpp */,
			);
			path = TestDriver;
			sourceTree = "<group>";
		};
		4D97ADCD2C039538002409C3 /* Frameworks */ = {
			isa = PBXGroup;
			children = (
			);
			name = Frameworks;
			sourceTree = "<group>";
		};
		4D97ADD42C03A555002409C3 /* Teacher */ = {
			isa = PBXGroup;
			children = (
				4D97ADC82C03907A002409C3 /* main.cpp */,
			);
			name = Teacher;
			sourceTree = "<group>";
		};
/* End PBXGroup section */

/* Begin PBXHeadersBuildPhase section */
		4D97ADAB2C038E92002409C3 /* Headers */ = {
			isa = PBXHeadersBuildPhase;
			buildActionMask = 2147483647;
			files = (
			);
			runOnlyForDeploymentPostprocessing = 0;
		};
/* End PBXHeadersBuildPhase section */

/* Begin PBXNativeTarget section */
		4D97ADAE2C038E92002409C3 /* ModulesKlui */ = {
			isa = PBXNativeTarget;
			buildConfigurationList = 4D97ADB02C038E92002409C3 /* Build configuration list for PBXNativeTarget "ModulesKlui" */;
			buildPhases = (
				4D97ADAB2C038E92002409C3 /* Headers */,
				4D97ADAC2C038E92002409C3 /* Sources */,
				4D97ADAD2C038E92002409C3 /* Frameworks */,
			);
			buildRules = (
			);
			dependencies = (
			);
			name = ModulesKlui;
			productName = ModulesKlui;
			productReference = 4D97ADAF2C038E92002409C3 /* libModulesKlui.a */;
			productType = "com.apple.product-type.library.static";
		};
		4D97ADBA2C038F57002409C3 /* TestDriver */ = {
			isa = PBXNativeTarget;
			buildConfigurationList = 4D97ADBF2C038F57002409C3 /* Build configuration list for PBXNativeTarget "TestDriver" */;
			buildPhases = (
				4D97ADB72C038F57002409C3 /* Sources */,
				4D97ADB82C038F57002409C3 /* Frameworks */,
				4D97ADB92C038F57002409C3 /* CopyFiles */,
			);
			buildRules = (
			);
			dependencies = (
				4D97ADD02C039538002409C3 /* PBXTargetDependency */,
			);
			name = TestDriver;
			productName = TestDriver;
			productReference = 4D97ADBB2C038F57002409C3 /* TestDriver */;
			productType = "com.apple.product-type.tool";
		};
		4D97ADC52C03907A002409C3 /* Teacher */ = {
			isa = PBXNativeTarget;
			buildConfigurationList = 4D97ADCA2C03907A002409C3 /* Build configuration list for PBXNativeTarget "Teacher" */;
			buildPhases = (
				4D97ADC22C03907A002409C3 /* Sources */,
				4D97ADC32C03907A002409C3 /* Frameworks */,
				4D97ADC42C03907A002409C3 /* CopyFiles */,
			);
			buildRules = (
			);
			dependencies = (
				4D97ADD32C0396C9002409C3 /* PBXTargetDependency */,
			);
			name = Teacher;
			productName = Teacher;
			productReference = 4D97ADC62C03907A002409C3 /* Teacher */;
			productType = "com.apple.product-type.tool";
		};
/* End PBXNativeTarget section */

/* Begin PBXProject section */
		4D97AD942C037789002409C3 /* Project object */ = {
			isa = PBXProject;
			attributes = {
				BuildIndependentTargetsInParallel = 1;
				LastUpgradeCheck = 1540;
				TargetAttributes = {
					4D97ADAE2C038E92002409C3 = {
						CreatedOnToolsVersion = 15.4;
					};
					4D97ADBA2C038F57002409C3 = {
						CreatedOnToolsVersion = 15.4;
					};
					4D97ADC52C03907A002409C3 = {
						CreatedOnToolsVersion = 15.4;
					};
				};
			};
			buildConfigurationList = 4D97AD972C037789002409C3 /* Build configuration list for PBXProject "lab12" */;
			compatibilityVersion = "Xcode 14.0";
			developmentRegion = en;
			hasScannedForEncodings = 0;
			knownRegions = (
				en,
				Base,
			);
			mainGroup = 4D97AD932C037789002409C3;
			productRefGroup = 4D97AD9D2C037789002409C3 /* Products */;
			projectDirPath = "";
			projectRoot = "";
			targets = (
				4D97ADAE2C038E92002409C3 /* ModulesKlui */,
				4D97ADBA2C038F57002409C3 /* TestDriver */,
				4D97ADC52C03907A002409C3 /* Teacher */,
			);
		};
/* End PBXProject section */

/* Begin PBXSourcesBuildPhase section */
		4D97ADAC2C038E92002409C3 /* Sources */ = {
			isa = PBXSourcesBuildPhase;
			buildActionMask = 2147483647;
			files = (
				4D97ADB52C038EDA002409C3 /* ClassLab12_Klui.cpp in Sources */,
			);
			runOnlyForDeploymentPostprocessing = 0;
		};
		4D97ADB72C038F57002409C3 /* Sources */ = {
			isa = PBXSourcesBuildPhase;
			buildActionMask = 2147483647;
			files = (
				4D97ADBE2C038F57002409C3 /* main.cpp in Sources */,
			);
			runOnlyForDeploymentPostprocessing = 0;
		};
		4D97ADC22C03907A002409C3 /* Sources */ = {
			isa = PBXSourcesBuildPhase;
			buildActionMask = 2147483647;
			files = (
				4D97ADC92C03907A002409C3 /* main.cpp in Sources */,
			);
			runOnlyForDeploymentPostprocessing = 0;
		};
/* End PBXSourcesBuildPhase section */

/* Begin PBXTargetDependency section */
		4D97ADD02C039538002409C3 /* PBXTargetDependency */ = {
			isa = PBXTargetDependency;
			target = 4D97ADAE2C038E92002409C3 /* ModulesKlui */;
			targetProxy = 4D97ADCF2C039538002409C3 /* PBXContainerItemProxy */;
		};
		4D97ADD32C0396C9002409C3 /* PBXTargetDependency */ = {
			isa = PBXTargetDependency;
			target = 4D97ADAE2C038E92002409C3 /* ModulesKlui */;
			targetProxy = 4D97ADD22C0396C9002409C3 /* PBXContainerItemProxy */;
		};
/* End PBXTargetDependency section */

/* Begin XCBuildConfiguration section */
		4D97ADA12C037789002409C3 /* Debug */ = {
			isa = XCBuildConfiguration;
			buildSettings = {
				ALWAYS_SEARCH_USER_PATHS = NO;
				ASSETCATALOG_COMPILER_GENERATE_SWIFT_ASSET_SYMBOL_EXTENSIONS = YES;
				CLANG_ANALYZER_NONNULL = YES;
				CLANG_ANALYZER_NUMBER_OBJECT_CONVERSION = YES_AGGRESSIVE;
				CLANG_CXX_LANGUAGE_STANDARD = "gnu++20";
				CLANG_ENABLE_MODULES = YES;
				CLANG_ENABLE_OBJC_ARC = YES;
				CLANG_ENABLE_OBJC_WEAK = YES;
				CLANG_WARN_BLOCK_CAPTURE_AUTORELEASING = YES;
				CLANG_WARN_BOOL_CONVERSION = YES;
				CLANG_WARN_COMMA = YES;
				CLANG_WARN_CONSTANT_CONVERSION = YES;
				CLANG_WARN_DEPRECATED_OBJC_IMPLEMENTATIONS = YES;
				CLANG_WARN_DIRECT_OBJC_ISA_USAGE = YES_ERROR;
				CLANG_WARN_DOCUMENTATION_COMMENTS = YES;
				CLANG_WARN_EMPTY_BODY = YES;
				CLANG_WARN_ENUM_CONVERSION = YES;
				CLANG_WARN_INFINITE_RECURSION = YES;
				CLANG_WARN_INT_CONVERSION = YES;
				CLANG_WARN_NON_LITERAL_NULL_CONVERSION = YES;
				CLANG_WARN_OBJC_IMPLICIT_RETAIN_SELF = YES;
				CLANG_WARN_OBJC_LITERAL_CONVERSION = YES;
				CLANG_WARN_OBJC_ROOT_CLASS = YES_ERROR;
				CLANG_WARN_QUOTED_INCLUDE_IN_FRAMEWORK_HEADER = YES;
				CLANG_WARN_RANGE_LOOP_ANALYSIS = YES;
				CLANG_WARN_STRICT_PROTOTYPES = YES;
				CLANG_WARN_SUSPICIOUS_MOVE = YES;
				CLANG_WARN_UNGUARDED_AVAILABILITY = YES_AGGRESSIVE;
				CLANG_WARN_UNREACHABLE_CODE = YES;
				CLANG_WARN__DUPLICATE_METHOD_MATCH = YES;
				COPY_PHASE_STRIP = NO;
				DEBUG_INFORMATION_FORMAT = dwarf;
				ENABLE_STRICT_OBJC_MSGSEND = YES;
				ENABLE_TESTABILITY = YES;
				ENABLE_USER_SCRIPT_SANDBOXING = YES;
				GCC_C_LANGUAGE_STANDARD = gnu17;
				GCC_DYNAMIC_NO_PIC = NO;
				GCC_NO_COMMON_BLOCKS = YES;
				GCC_OPTIMIZATION_LEVEL = 0;
				GCC_PREPROCESSOR_DEFINITIONS = (
					"DEBUG=1",
					"$(inherited)",
				);
				GCC_WARN_64_TO_32_BIT_CONVERSION = YES;
				GCC_WARN_ABOUT_RETURN_TYPE = YES_ERROR;
				GCC_WARN_UNDECLARED_SELECTOR = YES;
				GCC_WARN_UNINITIALIZED_AUTOS = YES_AGGRESSIVE;
				GCC_WARN_UNUSED_FUNCTION = YES;
				GCC_WARN_UNUSED_VARIABLE = YES;
				LOCALIZATION_PREFERS_STRING_CATALOGS = YES;
				MACOSX_DEPLOYMENT_TARGET = 14.4;
				MTL_ENABLE_DEBUG_INFO = INCLUDE_SOURCE;
				MTL_FAST_MATH = YES;
				ONLY_ACTIVE_ARCH = YES;
				SDKROOT = macosx;
			};
			name = Debug;
		};
		4D97ADA22C037789002409C3 /* Release */ = {
			isa = XCBuildConfiguration;
			buildSettings = {
				ALWAYS_SEARCH_USER_PATHS = NO;
				ASSETCATALOG_COMPILER_GENERATE_SWIFT_ASSET_SYMBOL_EXTENSIONS = YES;
				CLANG_ANALYZER_NONNULL = YES;
				CLANG_ANALYZER_NUMBER_OBJECT_CONVERSION = YES_AGGRESSIVE;
				CLANG_CXX_LANGUAGE_STANDARD = "gnu++20";
				CLANG_ENABLE_MODULES = YES;
				CLANG_ENABLE_OBJC_ARC = YES;
				CLANG_ENABLE_OBJC_WEAK = YES;
				CLANG_WARN_BLOCK_CAPTURE_AUTORELEASING = YES;
				CLANG_WARN_BOOL_CONVERSION = YES;
				CLANG_WARN_COMMA = YES;
				CLANG_WARN_CONSTANT_CONVERSION = YES;
				CLANG_WARN_DEPRECATED_OBJC_IMPLEMENTATIONS = YES;
				CLANG_WARN_DIRECT_OBJC_ISA_USAGE = YES_ERROR;
				CLANG_WARN_DOCUMENTATION_COMMENTS = YES;
				CLANG_WARN_EMPTY_BODY = YES;
				CLANG_WARN_ENUM_CONVERSION = YES;
				CLANG_WARN_INFINITE_RECURSION = YES;
				CLANG_WARN_INT_CONVERSION = YES;
				CLANG_WARN_NON_LITERAL_NULL_CONVERSION = YES;
				CLANG_WARN_OBJC_IMPLICIT_RETAIN_SELF = YES;
				CLANG_WARN_OBJC_LITERAL_CONVERSION = YES;
				CLANG_WARN_OBJC_ROOT_CLASS = YES_ERROR;
				CLANG_WARN_QUOTED_INCLUDE_IN_FRAMEWORK_HEADER = YES;
				CLANG_WARN_RANGE_LOOP_ANALYSIS = YES;
				CLANG_WARN_STRICT_PROTOTYPES = YES;
				CLANG_WARN_SUSPICIOUS_MOVE = YES;
				CLANG_WARN_UNGUARDED_AVAILABILITY = YES_AGGRESSIVE;
				CLANG_WARN_UNREACHABLE_CODE = YES;
				CLANG_WARN__DUPLICATE_METHOD_MATCH = YES;
				COPY_PHASE_STRIP = NO;
				DEBUG_INFORMATION_FORMAT = "dwarf-with-dsym";
				ENABLE_NS_ASSERTIONS = NO;
				ENABLE_STRICT_OBJC_MSGSEND = YES;
				ENABLE_USER_SCRIPT_SANDBOXING = YES;
				GCC_C_LANGUAGE_STANDARD = gnu17;
				GCC_NO_COMMON_BLOCKS = YES;
				GCC_WARN_64_TO_32_BIT_CONVERSION = YES;
				GCC_WARN_ABOUT_RETURN_TYPE = YES_ERROR;
				GCC_WARN_UNDECLARED_SELECTOR = YES;
				GCC_WARN_UNINITIALIZED_AUTOS = YES_AGGRESSIVE;
				GCC_WARN_UNUSED_FUNCTION = YES;
				GCC_WARN_UNUSED_VARIABLE = YES;
				LOCALIZATION_PREFERS_STRING_CATALOGS = YES;
				MACOSX_DEPLOYMENT_TARGET = 14.4;
				MTL_ENABLE_DEBUG_INFO = NO;
				MTL_FAST_MATH = YES;
				SDKROOT = macosx;
			};
			name = Release;
		};
		4D97ADB12C038E92002409C3 /* Debug */ = {
			isa = XCBuildConfiguration;
			buildSettings = {
				CODE_SIGN_STYLE = Automatic;
				EXECUTABLE_PREFIX = lib;
				PRODUCT_NAME = "$(TARGET_NAME)";
				SKIP_INSTALL = YES;
			};
			name = Debug;
		};
		4D97ADB22C038E92002409C3 /* Release */ = {
			isa = XCBuildConfiguration;
			buildSettings = {
				CODE_SIGN_STYLE = Automatic;
				EXECUTABLE_PREFIX = lib;
				PRODUCT_NAME = "$(TARGET_NAME)";
				SKIP_INSTALL = YES;
			};
			name = Release;
		};
		4D97ADC02C038F57002409C3 /* Debug */ = {
			isa = XCBuildConfiguration;
			buildSettings = {
				CODE_SIGN_STYLE = Automatic;
				PRODUCT_NAME = "$(TARGET_NAME)";
			};
			name = Debug;
		};
		4D97ADC12C038F57002409C3 /* Release */ = {
			isa = XCBuildConfiguration;
			buildSettings = {
				CODE_SIGN_STYLE = Automatic;
				PRODUCT_NAME = "$(TARGET_NAME)";
			};
			name = Release;
		};
		4D97ADCB2C03907A002409C3 /* Debug */ = {
			isa = XCBuildConfiguration;
			buildSettings = {
				CODE_SIGN_STYLE = Automatic;
				PRODUCT_NAME = "$(TARGET_NAME)";
			};
			name = Debug;
		};
		4D97ADCC2C03907A002409C3 /* Release */ = {
			isa = XCBuildConfiguration;
			buildSettings = {
				CODE_SIGN_STYLE = Automatic;
				PRODUCT_NAME = "$(TARGET_NAME)";
			};
			name = Release;
		};
/* End XCBuildConfiguration section */

/* Begin XCConfigurationList section */
		4D97AD972C037789002409C3 /* Build configuration list for PBXProject "lab12" */ = {
			isa = XCConfigurationList;
			buildConfigurations = (
				4D97ADA12C037789002409C3 /* Debug */,
				4D97ADA22C037789002409C3 /* Release */,
			);
			defaultConfigurationIsVisible = 0;
			defaultConfigurationName = Release;
		};
		4D97ADB02C038E92002409C3 /* Build configuration list for PBXNativeTarget "ModulesKlui" */ = {
			isa = XCConfigurationList;
			buildConfigurations = (
				4D97ADB12C038E92002409C3 /* Debug */,
				4D97ADB22C038E92002409C3 /* Release */,
			);
			defaultConfigurationIsVisible = 0;
			defaultConfigurationName = Release;
		};
		4D97ADBF2C038F57002409C3 /* Build configuration list for PBXNativeTarget "TestDriver" */ = {
			isa = XCConfigurationList;
			buildConfigurations = (
				4D97ADC02C038F57002409C3 /* Debug */,
				4D97ADC12C038F57002409C3 /* Release */,
			);
			defaultConfigurationIsVisible = 0;
			defaultConfigurationName = Release;
		};
		4D97ADCA2C03907A002409C3 /* Build configuration list for PBXNativeTarget "Teacher" */ = {
			isa = XCConfigurationList;
			buildConfigurations = (
				4D97ADCB2C03907A002409C3 /* Debug */,
				4D97ADCC2C03907A002409C3 /* Release */,
			);
			defaultConfigurationIsVisible = 0;
			defaultConfigurationName = Release;
		};
/* End XCConfigurationList section */
	};
	rootObject = 4D97AD942C037789002409C3 /* Project object */;
}
